// !$*UTF8*$!
{
	archiveVersion = 1;
	classes = {
	};
	objectVersion = 56;
	objects = {

/* Begin PBXBuildFile section */
		EBC72E832C67701800469F48 /* RealityKitContent in Frameworks */ = {isa = PBXBuildFile; productRef = EBC72E822C67701800469F48 /* RealityKitContent */; };
		EBC72E852C67701800469F48 /* PlayPianoApp.swift in Sources */ = {isa = PBXBuildFile; fileRef = EBC72E842C67701800469F48 /* PlayPianoApp.swift */; };
		EBC72E872C67701800469F48 /* ContentView.swift in Sources */ = {isa = PBXBuildFile; fileRef = EBC72E862C67701800469F48 /* ContentView.swift */; };
		EBC72E892C67701800469F48 /* ImmersiveView.swift in Sources */ = {isa = PBXBuildFile; fileRef = EBC72E882C67701800469F48 /* ImmersiveView.swift */; };
		EBC72E8B2C67701900469F48 /* Assets.xcassets in Resources */ = {isa = PBXBuildFile; fileRef = EBC72E8A2C67701900469F48 /* Assets.xcassets */; };
		EBC72E8E2C67701900469F48 /* Preview Assets.xcassets in Resources */ = {isa = PBXBuildFile; fileRef = EBC72E8D2C67701900469F48 /* Preview Assets.xcassets */; };
		EBC72E972C67702600469F48 /* PianoKeyboard in Frameworks */ = {isa = PBXBuildFile; productRef = EBC72E962C67702600469F48 /* PianoKeyboard */; };
		EBC72E9A2C6770F600469F48 /* AudioEngine.swift in Sources */ = {isa = PBXBuildFile; fileRef = EBC72E992C6770F600469F48 /* AudioEngine.swift */; };
		EBC72E9C2C67713800469F48 /* soundfont.sf2 in Resources */ = {isa = PBXBuildFile; fileRef = EBC72E9B2C67713800469F48 /* soundfont.sf2 */; };
		EBC72E9F2C67950700469F48 /* PianoKeyboard in Frameworks */ = {isa = PBXBuildFile; productRef = EBC72E9E2C67950700469F48 /* PianoKeyboard */; };
		EBC72EA22C6795C500469F48 /* PianoKeyboard in Frameworks */ = {isa = PBXBuildFile; productRef = EBC72EA12C6795C500469F48 /* PianoKeyboard */; };
/* End PBXBuildFile section */

/* Begin PBXFileReference section */
		EBC72E7D2C67701800469F48 /* PlayPiano.app */ = {isa = PBXFileReference; explicitFileType = wrapper.application; includeInIndex = 0; path = PlayPiano.app; sourceTree = BUILT_PRODUCTS_DIR; };
		EBC72E812C67701800469F48 /* RealityKitContent */ = {isa = PBXFileReference; lastKnownFileType = wrapper; path = RealityKitContent; sourceTree = "<group>"; };
		EBC72E842C67701800469F48 /* PlayPianoApp.swift */ = {isa = PBXFileReference; lastKnownFileType = sourcecode.swift; path = PlayPianoApp.swift; sourceTree = "<group>"; };
		EBC72E862C67701800469F48 /* ContentView.swift */ = {isa = PBXFileReference; lastKnownFileType = sourcecode.swift; path = ContentView.swift; sourceTree = "<group>"; };
		EBC72E882C67701800469F48 /* ImmersiveView.swift */ = {isa = PBXFileReference; lastKnownFileType = sourcecode.swift; path = ImmersiveView.swift; sourceTree = "<group>"; };
		EBC72E8A2C67701900469F48 /* Assets.xcassets */ = {isa = PBXFileReference; lastKnownFileType = folder.assetcatalog; path = Assets.xcassets; sourceTree = "<group>"; };
		EBC72E8D2C67701900469F48 /* Preview Assets.xcassets */ = {isa = PBXFileReference; lastKnownFileType = folder.assetcatalog; path = "Preview Assets.xcassets"; sourceTree = "<group>"; };
		EBC72E8F2C67701900469F48 /* Info.plist */ = {isa = PBXFileReference; lastKnownFileType = text.plist.xml; path = Info.plist; sourceTree = "<group>"; };
		EBC72E992C6770F600469F48 /* AudioEngine.swift */ = {isa = PBXFileReference; lastKnownFileType = sourcecode.swift; path = AudioEngine.swift; sourceTree = "<group>"; };
		EBC72E9B2C67713800469F48 /* soundfont.sf2 */ = {isa = PBXFileReference; lastKnownFileType = file; path = soundfont.sf2; sourceTree = SOURCE_ROOT; };
/* End PBXFileReference section */

/* Begin PBXFrameworksBuildPhase section */
		EBC72E7A2C67701800469F48 /* Frameworks */ = {
			isa = PBXFrameworksBuildPhase;
			buildActionMask = 2147483647;
			files = (
				EBC72E832C67701800469F48 /* RealityKitContent in Frameworks */,
				EBC72EA22C6795C500469F48 /* PianoKeyboard in Frameworks */,
				EBC72E9F2C67950700469F48 /* PianoKeyboard in Frameworks */,
				EBC72E972C67702600469F48 /* PianoKeyboard in Frameworks */,
			);
			runOnlyForDeploymentPostprocessing = 0;
		};
/* End PBXFrameworksBuildPhase section */

/* Begin PBXGroup section */
		EBC72E742C67701800469F48 = {
			isa = PBXGroup;
			children = (
				EBC72E7F2C67701800469F48 /* PlayPiano */,
				EBC72E802C67701800469F48 /* Packages */,
				EBC72E7E2C67701800469F48 /* Products */,
			);
			sourceTree = "<group>";
		};
		EBC72E7E2C67701800469F48 /* Products */ = {
			isa = PBXGroup;
			children = (
				EBC72E7D2C67701800469F48 /* PlayPiano.app */,
			);
			name = Products;
			sourceTree = "<group>";
		};
		EBC72E7F2C67701800469F48 /* PlayPiano */ = {
			isa = PBXGroup;
			children = (
				EBC72E9B2C67713800469F48 /* soundfont.sf2 */,
				EBC72E842C67701800469F48 /* PlayPianoApp.swift */,
				EBC72E862C67701800469F48 /* ContentView.swift */,
				EBC72E992C6770F600469F48 /* AudioEngine.swift */,
				EBC72E882C67701800469F48 /* ImmersiveView.swift */,
				EBC72E8A2C67701900469F48 /* Assets.xcassets */,
				EBC72E8F2C67701900469F48 /* Info.plist */,
				EBC72E8C2C67701900469F48 /* Preview Content */,
			);
			path = PlayPiano;
			sourceTree = "<group>";
		};
		EBC72E802C67701800469F48 /* Packages */ = {
			isa = PBXGroup;
			children = (
				EBC72E812C67701800469F48 /* RealityKitContent */,
			);
			path = Packages;
			sourceTree = "<group>";
		};
		EBC72E8C2C67701900469F48 /* Preview Content */ = {
			isa = PBXGroup;
			children = (
				EBC72E8D2C67701900469F48 /* Preview Assets.xcassets */,
			);
			path = "Preview Content";
			sourceTree = "<group>";
		};
/* End PBXGroup section */

/* Begin PBXNativeTarget section */
		EBC72E7C2C67701800469F48 /* PlayPiano */ = {
			isa = PBXNativeTarget;
			buildConfigurationList = EBC72E922C67701900469F48 /* Build configuration list for PBXNativeTarget "PlayPiano" */;
			buildPhases = (
				EBC72E792C67701800469F48 /* Sources */,
				EBC72E7A2C67701800469F48 /* Frameworks */,
				EBC72E7B2C67701800469F48 /* Resources */,
			);
			buildRules = (
			);
			dependencies = (
			);
			name = PlayPiano;
			packageProductDependencies = (
				EBC72E822C67701800469F48 /* RealityKitContent */,
				EBC72E962C67702600469F48 /* PianoKeyboard */,
				EBC72E9E2C67950700469F48 /* PianoKeyboard */,
				EBC72EA12C6795C500469F48 /* PianoKeyboard */,
			);
			productName = PlayPiano;
			productReference = EBC72E7D2C67701800469F48 /* PlayPiano.app */;
			productType = "com.apple.product-type.application";
		};
/* End PBXNativeTarget section */

/* Begin PBXProject section */
		EBC72E752C67701800469F48 /* Project object */ = {
			isa = PBXProject;
			attributes = {
				BuildIndependentTargetsInParallel = 1;
				LastSwiftUpdateCheck = 1540;
				LastUpgradeCheck = 1540;
				TargetAttributes = {
					EBC72E7C2C67701800469F48 = {
						CreatedOnToolsVersion = 15.4;
					};
				};
			};
			buildConfigurationList = EBC72E782C67701800469F48 /* Build configuration list for PBXProject "PlayPiano" */;
			compatibilityVersion = "Xcode 14.0";
			developmentRegion = en;
			hasScannedForEncodings = 0;
			knownRegions = (
				en,
				Base,
			);
			mainGroup = EBC72E742C67701800469F48;
			packageReferences = (
				EBC72EA02C6795C500469F48 /* XCRemoteSwiftPackageReference "PianoKeyboard" */,
			);
			productRefGroup = EBC72E7E2C67701800469F48 /* Products */;
			projectDirPath = "";
			projectRoot = "";
			targets = (
				EBC72E7C2C67701800469F48 /* PlayPiano */,
			);
		};
/* End PBXProject section */

/* Begin PBXResourcesBuildPhase section */
		EBC72E7B2C67701800469F48 /* Resources */ = {
			isa = PBXResourcesBuildPhase;
			buildActionMask = 2147483647;
			files = (
				EBC72E8E2C67701900469F48 /* Preview Assets.xcassets in Resources */,
				EBC72E9C2C67713800469F48 /* soundfont.sf2 in Resources */,
				EBC72E8B2C67701900469F48 /* Assets.xcassets in Resources */,
			);
			runOnlyForDeploymentPostprocessing = 0;
		};
/* End PBXResourcesBuildPhase section */

/* Begin PBXSourcesBuildPhase section */
		EBC72E792C67701800469F48 /* Sources */ = {
			isa = PBXSourcesBuildPhase;
			buildActionMask = 2147483647;
			files = (
				EBC72E9A2C6770F600469F48 /* AudioEngine.swift in Sources */,
				EBC72E872C67701800469F48 /* ContentView.swift in Sources */,
				EBC72E852C67701800469F48 /* PlayPianoApp.swift in Sources */,
				EBC72E892C67701800469F48 /* ImmersiveView.swift in Sources */,
			);
			runOnlyForDeploymentPostprocessing = 0;
		};
/* End PBXSourcesBuildPhase section */

/* Begin XCBuildConfiguration section */
		EBC72E902C67701900469F48 /* Debug */ = {
			isa = XCBuildConfiguration;
			buildSettings = {
				ALWAYS_SEARCH_USER_PATHS = NO;
				ASSETCATALOG_COMPILER_GENERATE_SWIFT_ASSET_SYMBOL_EXTENSIONS = YES;
				CLANG_ANALYZER_NONNULL = YES;
				CLANG_ANALYZER_NUMBER_OBJECT_CONVERSION = YES_AGGRESSIVE;
				CLANG_CXX_LANGUAGE_STANDARD = "gnu++20";
				CLANG_ENABLE_MODULES = YES;
				CLANG_ENABLE_OBJC_ARC = YES;
				CLANG_ENABLE_OBJC_WEAK = YES;
				CLANG_WARN_BLOCK_CAPTURE_AUTORELEASING = YES;
				CLANG_WARN_BOOL_CONVERSION = YES;
				CLANG_WARN_COMMA = YES;
				CLANG_WARN_CONSTANT_CONVERSION = YES;
				CLANG_WARN_DEPRECATED_OBJC_IMPLEMENTATIONS = YES;
				CLANG_WARN_DIRECT_OBJC_ISA_USAGE = YES_ERROR;
				CLANG_WARN_DOCUMENTATION_COMMENTS = YES;
				CLANG_WARN_EMPTY_BODY = YES;
				CLANG_WARN_ENUM_CONVERSION = YES;
				CLANG_WARN_INFINITE_RECURSION = YES;
				CLANG_WARN_INT_CONVERSION = YES;
				CLANG_WARN_NON_LITERAL_NULL_CONVERSION = YES;
				CLANG_WARN_OBJC_IMPLICIT_RETAIN_SELF = YES;
				CLANG_WARN_OBJC_LITERAL_CONVERSION = YES;
				CLANG_WARN_OBJC_ROOT_CLASS = YES_ERROR;
				CLANG_WARN_QUOTED_INCLUDE_IN_FRAMEWORK_HEADER = YES;
				CLANG_WARN_RANGE_LOOP_ANALYSIS = YES;
				CLANG_WARN_STRICT_PROTOTYPES = YES;
				CLANG_WARN_SUSPICIOUS_MOVE = YES;
				CLANG_WARN_UNGUARDED_AVAILABILITY = YES_AGGRESSIVE;
				CLANG_WARN_UNREACHABLE_CODE = YES;
				CLANG_WARN__DUPLICATE_METHOD_MATCH = YES;
				COPY_PHASE_STRIP = NO;
				DEBUG_INFORMATION_FORMAT = dwarf;
				ENABLE_STRICT_OBJC_MSGSEND = YES;
				ENABLE_TESTABILITY = YES;
				ENABLE_USER_SCRIPT_SANDBOXING = YES;
				GCC_C_LANGUAGE_STANDARD = gnu17;
				GCC_DYNAMIC_NO_PIC = NO;
				GCC_NO_COMMON_BLOCKS = YES;
				GCC_OPTIMIZATION_LEVEL = 0;
				GCC_PREPROCESSOR_DEFINITIONS = (
					"DEBUG=1",
					"$(inherited)",
				);
				GCC_WARN_64_TO_32_BIT_CONVERSION = YES;
				GCC_WARN_ABOUT_RETURN_TYPE = YES_ERROR;
				GCC_WARN_UNDECLARED_SELECTOR = YES;
				GCC_WARN_UNINITIALIZED_AUTOS = YES_AGGRESSIVE;
				GCC_WARN_UNUSED_FUNCTION = YES;
				GCC_WARN_UNUSED_VARIABLE = YES;
				LOCALIZATION_PREFERS_STRING_CATALOGS = YES;
				MTL_ENABLE_DEBUG_INFO = INCLUDE_SOURCE;
				MTL_FAST_MATH = YES;
				ONLY_ACTIVE_ARCH = YES;
				SDKROOT = xros;
				SWIFT_ACTIVE_COMPILATION_CONDITIONS = "DEBUG $(inherited)";
				SWIFT_OPTIMIZATION_LEVEL = "-Onone";
				XROS_DEPLOYMENT_TARGET = 1.2;
			};
			name = Debug;
		};
		EBC72E912C67701900469F48 /* Release */ = {
			isa = XCBuildConfiguration;
			buildSettings = {
				ALWAYS_SEARCH_USER_PATHS = NO;
				ASSETCATALOG_COMPILER_GENERATE_SWIFT_ASSET_SYMBOL_EXTENSIONS = YES;
				CLANG_ANALYZER_NONNULL = YES;
				CLANG_ANALYZER_NUMBER_OBJECT_CONVERSION = YES_AGGRESSIVE;
				CLANG_CXX_LANGUAGE_STANDARD = "gnu++20";
				CLANG_ENABLE_MODULES = YES;
				CLANG_ENABLE_OBJC_ARC = YES;
				CLANG_ENABLE_OBJC_WEAK = YES;
				CLANG_WARN_BLOCK_CAPTURE_AUTORELEASING = YES;
				CLANG_WARN_BOOL_CONVERSION = YES;
				CLANG_WARN_COMMA = YES;
				CLANG_WARN_CONSTANT_CONVERSION = YES;
				CLANG_WARN_DEPRECATED_OBJC_IMPLEMENTATIONS = YES;
				CLANG_WARN_DIRECT_OBJC_ISA_USAGE = YES_ERROR;
				CLANG_WARN_DOCUMENTATION_COMMENTS = YES;
				CLANG_WARN_EMPTY_BODY = YES;
				CLANG_WARN_ENUM_CONVERSION = YES;
				CLANG_WARN_INFINITE_RECURSION = YES;
				CLANG_WARN_INT_CONVERSION = YES;
				CLANG_WARN_NON_LITERAL_NULL_CONVERSION = YES;
				CLANG_WARN_OBJC_IMPLICIT_RETAIN_SELF = YES;
				CLANG_WARN_OBJC_LITERAL_CONVERSION = YES;
				CLANG_WARN_OBJC_ROOT_CLASS = YES_ERROR;
				CLANG_WARN_QUOTED_INCLUDE_IN_FRAMEWORK_HEADER = YES;
				CLANG_WARN_RANGE_LOOP_ANALYSIS = YES;
				CLANG_WARN_STRICT_PROTOTYPES = YES;
				CLANG_WARN_SUSPICIOUS_MOVE = YES;
				CLANG_WARN_UNGUARDED_AVAILABILITY = YES_AGGRESSIVE;
				CLANG_WARN_UNREACHABLE_CODE = YES;
				CLANG_WARN__DUPLICATE_METHOD_MATCH = YES;
				COPY_PHASE_STRIP = NO;
				DEBUG_INFORMATION_FORMAT = "dwarf-with-dsym";
				ENABLE_NS_ASSERTIONS = NO;
				ENABLE_STRICT_OBJC_MSGSEND = YES;
				ENABLE_USER_SCRIPT_SANDBOXING = YES;
				GCC_C_LANGUAGE_STANDARD = gnu17;
				GCC_NO_COMMON_BLOCKS = YES;
				GCC_WARN_64_TO_32_BIT_CONVERSION = YES;
				GCC_WARN_ABOUT_RETURN_TYPE = YES_ERROR;
				GCC_WARN_UNDECLARED_SELECTOR = YES;
				GCC_WARN_UNINITIALIZED_AUTOS = YES_AGGRESSIVE;
				GCC_WARN_UNUSED_FUNCTION = YES;
				GCC_WARN_UNUSED_VARIABLE = YES;
				LOCALIZATION_PREFERS_STRING_CATALOGS = YES;
				MTL_ENABLE_DEBUG_INFO = NO;
				MTL_FAST_MATH = YES;
				SDKROOT = xros;
				SWIFT_COMPILATION_MODE = wholemodule;
				VALIDATE_PRODUCT = YES;
				XROS_DEPLOYMENT_TARGET = 1.2;
			};
			name = Release;
		};
		EBC72E932C67701900469F48 /* Debug */ = {
			isa = XCBuildConfiguration;
			buildSettings = {
				ASSETCATALOG_COMPILER_APPICON_NAME = AppIcon;
				ASSETCATALOG_COMPILER_GLOBAL_ACCENT_COLOR_NAME = AccentColor;
				CODE_SIGN_STYLE = Automatic;
				CURRENT_PROJECT_VERSION = 1;
				DEVELOPMENT_ASSET_PATHS = "\"PlayPiano/Preview Content\"";
				DEVELOPMENT_TEAM = 5MSJZ52B7G;
				ENABLE_PREVIEWS = YES;
				GENERATE_INFOPLIST_FILE = YES;
				INFOPLIST_FILE = "$(TARGET_NAME)/Info.plist";
				INFOPLIST_KEY_CFBundleDisplayName = PlayPiano;
				LD_RUNPATH_SEARCH_PATHS = (
					"$(inherited)",
					"@executable_path/Frameworks",
				);
				MARKETING_VERSION = 1.0;
				PRODUCT_BUNDLE_IDENTIFIER = com.github.kanakanho.PlayPiano;
				PRODUCT_NAME = "$(TARGET_NAME)";
				SUPPORTED_PLATFORMS = "xros xrsimulator";
				SWIFT_EMIT_LOC_STRINGS = YES;
				SWIFT_VERSION = 5.0;
				TARGETED_DEVICE_FAMILY = "1,2,7";
			};
			name = Debug;
		};
		EBC72E942C67701900469F48 /* Release */ = {
			isa = XCBuildConfiguration;
			buildSettings = {
				ASSETCATALOG_COMPILER_APPICON_NAME = AppIcon;
				ASSETCATALOG_COMPILER_GLOBAL_ACCENT_COLOR_NAME = AccentColor;
				CODE_SIGN_STYLE = Automatic;
				CURRENT_PROJECT_VERSION = 1;
				DEVELOPMENT_ASSET_PATHS = "\"PlayPiano/Preview Content\"";
				DEVELOPMENT_TEAM = 5MSJZ52B7G;
				ENABLE_PREVIEWS = YES;
				GENERATE_INFOPLIST_FILE = YES;
				INFOPLIST_FILE = "$(TARGET_NAME)/Info.plist";
				INFOPLIST_KEY_CFBundleDisplayName = PlayPiano;
				LD_RUNPATH_SEARCH_PATHS = (
					"$(inherited)",
					"@executable_path/Frameworks",
				);
				MARKETING_VERSION = 1.0;
				PRODUCT_BUNDLE_IDENTIFIER = com.github.kanakanho.PlayPiano;
				PRODUCT_NAME = "$(TARGET_NAME)";
				SUPPORTED_PLATFORMS = "xros xrsimulator";
				SWIFT_EMIT_LOC_STRINGS = YES;
				SWIFT_VERSION = 5.0;
				TARGETED_DEVICE_FAMILY = "1,2,7";
			};
			name = Release;
		};
/* End XCBuildConfiguration section */

/* Begin XCConfigurationList section */
		EBC72E782C67701800469F48 /* Build configuration list for PBXProject "PlayPiano" */ = {
			isa = XCConfigurationList;
			buildConfigurations = (
				EBC72E902C67701900469F48 /* Debug */,
				EBC72E912C67701900469F48 /* Release */,
			);
			defaultConfigurationIsVisible = 0;
			defaultConfigurationName = Release;
		};
		EBC72E922C67701900469F48 /* Build configuration list for PBXNativeTarget "PlayPiano" */ = {
			isa = XCConfigurationList;
			buildConfigurations = (
				EBC72E932C67701900469F48 /* Debug */,
				EBC72E942C67701900469F48 /* Release */,
			);
			defaultConfigurationIsVisible = 0;
			defaultConfigurationName = Release;
		};
/* End XCConfigurationList section */

/* Begin XCRemoteSwiftPackageReference section */
		EBC72EA02C6795C500469F48 /* XCRemoteSwiftPackageReference "PianoKeyboard" */ = {
			isa = XCRemoteSwiftPackageReference;
			repositoryURL = "https://github.com/garynewby/PianoKeyboard.git";
			requirement = {
				kind = upToNextMajorVersion;
				minimumVersion = 1.2.3;
			};
		};
/* End XCRemoteSwiftPackageReference section */

/* Begin XCSwiftPackageProductDependency section */
		EBC72E822C67701800469F48 /* RealityKitContent */ = {
			isa = XCSwiftPackageProductDependency;
			productName = RealityKitContent;
		};
		EBC72E962C67702600469F48 /* PianoKeyboard */ = {
			isa = XCSwiftPackageProductDependency;
			productName = PianoKeyboard;
		};
		EBC72E9E2C67950700469F48 /* PianoKeyboard */ = {
			isa = XCSwiftPackageProductDependency;
			productName = PianoKeyboard;
		};
		EBC72EA12C6795C500469F48 /* PianoKeyboard */ = {
			isa = XCSwiftPackageProductDependency;
			package = EBC72EA02C6795C500469F48 /* XCRemoteSwiftPackageReference "PianoKeyboard" */;
			productName = PianoKeyboard;
		};
/* End XCSwiftPackageProductDependency section */
	};
	rootObject = EBC72E752C67701800469F48 /* Project object */;
}
